
Microsoft Visual Studio Solution File, Format Version 12.00
# Visual Studio Version 17
VisualStudioVersion = 17.13.35828.75 d17.13
MinimumVisualStudioVersion = 10.0.40219.1
Project("{FAE04EC0-301F-11D3-BF4B-00C04F79EFBC}") = "POO_Csharp_R_H25_Examen_Final", "POO_Csharp_R_H25_Examen_Final\POO_Csharp_R_H25_Examen_Final.csproj", "{4D008808-FB1F-4F61-99A3-E82C983268B5}"
EndProject
Global
	GlobalSection(SolutionConfigurationPlatforms) = preSolution
		Debug|Any CPU = Debug|Any CPU
		Release|Any CPU = Release|Any CPU
	EndGlobalSection
	GlobalSection(ProjectConfigurationPlatforms) = postSolution
		{4D008808-FB1F-4F61-99A3-E82C983268B5}.Debug|Any CPU.ActiveCfg = Debug|Any CPU
		{4D008808-FB1F-4F61-99A3-E82C983268B5}.Debug|Any CPU.Build.0 = Debug|Any CPU
		{4D008808-FB1F-4F61-99A3-E82C983268B5}.Release|Any CPU.ActiveCfg = Release|Any CPU
		{4D008808-FB1F-4F61-99A3-E82C983268B5}.Release|Any CPU.Build.0 = Release|Any CPU
	EndGlobalSection
	GlobalSection(SolutionProperties) = preSolution
		HideSolutionNode = FALSE
	EndGlobalSection
	GlobalSection(ExtensibilityGlobals) = postSolution
		SolutionGuid = {C5F35AFD-6EE6-4241-B8C9-A63A75B4DD91}
	EndGlobalSection
EndGlobal
